
Microsoft Visual Studio Solution File, Format Version 12.00
# Visual Studio Version 16
VisualStudioVersion = 16.0.30907.101
MinimumVisualStudioVersion = 10.0.40219.1
Project("{2150E333-8FDC-42A3-9474-1A3956D46DE8}") = "Services", "Services", "{7BD55AFF-2D3D-420D-860C-5678B2DC6ADB}"
EndProject
Project("{2150E333-8FDC-42A3-9474-1A3956D46DE8}") = "Catalog", "Catalog", "{5B93A4AA-6C18-4E34-BAC9-8C2238E6A68C}"
EndProject
Project("{9A19103F-16F7-4668-BE54-9A1E7A4F7556}") = "Catalog.API", "Services\Catalog\Catalog.API\Catalog.API.csproj", "{0D11D1FA-9730-432B-A40D-C07B3C11BD02}"
EndProject
Global
	GlobalSection(SolutionConfigurationPlatforms) = preSolution
		Debug|Any CPU = Debug|Any CPU
		Release|Any CPU = Release|Any CPU
	EndGlobalSection
	GlobalSection(ProjectConfigurationPlatforms) = postSolution
		{0D11D1FA-9730-432B-A40D-C07B3C11BD02}.Debug|Any CPU.ActiveCfg = Debug|Any CPU
		{0D11D1FA-9730-432B-A40D-C07B3C11BD02}.Debug|Any CPU.Build.0 = Debug|Any CPU
		{0D11D1FA-9730-432B-A40D-C07B3C11BD02}.Release|Any CPU.ActiveCfg = Release|Any CPU
		{0D11D1FA-9730-432B-A40D-C07B3C11BD02}.Release|Any CPU.Build.0 = Release|Any CPU
	EndGlobalSection
	GlobalSection(SolutionProperties) = preSolution
		HideSolutionNode = FALSE
	EndGlobalSection
	GlobalSection(NestedProjects) = preSolution
		{5B93A4AA-6C18-4E34-BAC9-8C2238E6A68C} = {7BD55AFF-2D3D-420D-860C-5678B2DC6ADB}
		{0D11D1FA-9730-432B-A40D-C07B3C11BD02} = {5B93A4AA-6C18-4E34-BAC9-8C2238E6A68C}
	EndGlobalSection
	GlobalSection(ExtensibilityGlobals) = postSolution
		SolutionGuid = {B4B91F56-1344-4D58-9F84-782C19A8C240}
	EndGlobalSection
EndGlobal
