
Microsoft Visual Studio Solution File, Format Version 12.00
# Visual Studio Version 16
VisualStudioVersion = 16.0.30907.101
MinimumVisualStudioVersion = 10.0.40219.1
Project("{2150E333-8FDC-42A3-9474-1A3956D46DE8}") = "Services", "Services", "{7BD55AFF-2D3D-420D-860C-5678B2DC6ADB}"
EndProject
Project("{2150E333-8FDC-42A3-9474-1A3956D46DE8}") = "Catalog", "Catalog", "{5B93A4AA-6C18-4E34-BAC9-8C2238E6A68C}"
EndProject
Project("{9A19103F-16F7-4668-BE54-9A1E7A4F7556}") = "Catalog.API", "Services\Catalog\Catalog.API\Catalog.API.csproj", "{0D11D1FA-9730-432B-A40D-C07B3C11BD02}"
EndProject
Project("{E53339B2-1760-4266-BCC7-CA923CBCF16C}") = "docker-compose", "docker-compose.dcproj", "{4005183B-0F7F-413B-9E59-EE296534B14E}"
EndProject
Project("{2150E333-8FDC-42A3-9474-1A3956D46DE8}") = "Basket", "Basket", "{0ADCE960-1193-45B5-9507-31F444F0AB5D}"
EndProject
Project("{9A19103F-16F7-4668-BE54-9A1E7A4F7556}") = "Basket.API", "Services\Basket\Basket.API\Basket.API.csproj", "{73AD11A0-C185-4AE7-B7B9-DFC48711C362}"
EndProject
Project("{2150E333-8FDC-42A3-9474-1A3956D46DE8}") = "Discount", "Discount", "{0D77D97E-78E3-4A3F-A07E-2B6107C2CBF3}"
EndProject
Project("{9A19103F-16F7-4668-BE54-9A1E7A4F7556}") = "Discount.API", "Services\Discount\Discount.API\Discount.API.csproj", "{F485297F-9107-4CE2-B188-A96D4A2B5831}"
EndProject
Project("{9A19103F-16F7-4668-BE54-9A1E7A4F7556}") = "Discount.Grpc", "Services\Discount\Discount.Grpc\Discount.Grpc.csproj", "{3EED3F7F-E942-49C3-A4AD-83DE873F3514}"
EndProject
Project("{2150E333-8FDC-42A3-9474-1A3956D46DE8}") = "Ordering", "Ordering", "{6B54E6D5-3776-4138-B2C1-C0607F843CD4}"
EndProject
Project("{9A19103F-16F7-4668-BE54-9A1E7A4F7556}") = "Ordering.API", "Services\Ordering\Ordering.Api\Ordering.API.csproj", "{812DE3E9-D356-4AC8-9067-B02A57D4C4FD}"
EndProject
Project("{9A19103F-16F7-4668-BE54-9A1E7A4F7556}") = "Ordering.Domain", "Services\Ordering\Ordering.Domain\Ordering.Domain.csproj", "{7739996B-C78C-4758-AC7A-99A608FC4CE0}"
EndProject
Project("{9A19103F-16F7-4668-BE54-9A1E7A4F7556}") = "Ordering.Application", "Services\Ordering\Ordering.Application\Ordering.Application.csproj", "{861E6D18-3E2E-43BC-B282-9D21FFF8691B}"
EndProject
Project("{9A19103F-16F7-4668-BE54-9A1E7A4F7556}") = "Ordering.Infrastructure", "Services\Ordering\Ordering.Infrastructure\Ordering.Infrastructure.csproj", "{5CB7A74F-EAFE-4C13-B06E-7E9E70CF1D1B}"
EndProject
Global
	GlobalSection(SolutionConfigurationPlatforms) = preSolution
		Debug|Any CPU = Debug|Any CPU
		Release|Any CPU = Release|Any CPU
	EndGlobalSection
	GlobalSection(ProjectConfigurationPlatforms) = postSolution
		{0D11D1FA-9730-432B-A40D-C07B3C11BD02}.Debug|Any CPU.ActiveCfg = Debug|Any CPU
		{0D11D1FA-9730-432B-A40D-C07B3C11BD02}.Debug|Any CPU.Build.0 = Debug|Any CPU
		{0D11D1FA-9730-432B-A40D-C07B3C11BD02}.Release|Any CPU.ActiveCfg = Release|Any CPU
		{0D11D1FA-9730-432B-A40D-C07B3C11BD02}.Release|Any CPU.Build.0 = Release|Any CPU
		{4005183B-0F7F-413B-9E59-EE296534B14E}.Debug|Any CPU.ActiveCfg = Debug|Any CPU
		{4005183B-0F7F-413B-9E59-EE296534B14E}.Debug|Any CPU.Build.0 = Debug|Any CPU
		{4005183B-0F7F-413B-9E59-EE296534B14E}.Release|Any CPU.ActiveCfg = Release|Any CPU
		{4005183B-0F7F-413B-9E59-EE296534B14E}.Release|Any CPU.Build.0 = Release|Any CPU
		{73AD11A0-C185-4AE7-B7B9-DFC48711C362}.Debug|Any CPU.ActiveCfg = Debug|Any CPU
		{73AD11A0-C185-4AE7-B7B9-DFC48711C362}.Debug|Any CPU.Build.0 = Debug|Any CPU
		{73AD11A0-C185-4AE7-B7B9-DFC48711C362}.Release|Any CPU.ActiveCfg = Release|Any CPU
		{73AD11A0-C185-4AE7-B7B9-DFC48711C362}.Release|Any CPU.Build.0 = Release|Any CPU
		{F485297F-9107-4CE2-B188-A96D4A2B5831}.Debug|Any CPU.ActiveCfg = Debug|Any CPU
		{F485297F-9107-4CE2-B188-A96D4A2B5831}.Debug|Any CPU.Build.0 = Debug|Any CPU
		{F485297F-9107-4CE2-B188-A96D4A2B5831}.Release|Any CPU.ActiveCfg = Release|Any CPU
		{F485297F-9107-4CE2-B188-A96D4A2B5831}.Release|Any CPU.Build.0 = Release|Any CPU
		{3EED3F7F-E942-49C3-A4AD-83DE873F3514}.Debug|Any CPU.ActiveCfg = Debug|Any CPU
		{3EED3F7F-E942-49C3-A4AD-83DE873F3514}.Debug|Any CPU.Build.0 = Debug|Any CPU
		{3EED3F7F-E942-49C3-A4AD-83DE873F3514}.Release|Any CPU.ActiveCfg = Release|Any CPU
		{3EED3F7F-E942-49C3-A4AD-83DE873F3514}.Release|Any CPU.Build.0 = Release|Any CPU
		{812DE3E9-D356-4AC8-9067-B02A57D4C4FD}.Debug|Any CPU.ActiveCfg = Debug|Any CPU
		{812DE3E9-D356-4AC8-9067-B02A57D4C4FD}.Debug|Any CPU.Build.0 = Debug|Any CPU
		{812DE3E9-D356-4AC8-9067-B02A57D4C4FD}.Release|Any CPU.ActiveCfg = Release|Any CPU
		{812DE3E9-D356-4AC8-9067-B02A57D4C4FD}.Release|Any CPU.Build.0 = Release|Any CPU
		{7739996B-C78C-4758-AC7A-99A608FC4CE0}.Debug|Any CPU.ActiveCfg = Debug|Any CPU
		{7739996B-C78C-4758-AC7A-99A608FC4CE0}.Debug|Any CPU.Build.0 = Debug|Any CPU
		{7739996B-C78C-4758-AC7A-99A608FC4CE0}.Release|Any CPU.ActiveCfg = Release|Any CPU
		{7739996B-C78C-4758-AC7A-99A608FC4CE0}.Release|Any CPU.Build.0 = Release|Any CPU
		{861E6D18-3E2E-43BC-B282-9D21FFF8691B}.Debug|Any CPU.ActiveCfg = Debug|Any CPU
		{861E6D18-3E2E-43BC-B282-9D21FFF8691B}.Debug|Any CPU.Build.0 = Debug|Any CPU
		{861E6D18-3E2E-43BC-B282-9D21FFF8691B}.Release|Any CPU.ActiveCfg = Release|Any CPU
		{861E6D18-3E2E-43BC-B282-9D21FFF8691B}.Release|Any CPU.Build.0 = Release|Any CPU
		{5CB7A74F-EAFE-4C13-B06E-7E9E70CF1D1B}.Debug|Any CPU.ActiveCfg = Debug|Any CPU
		{5CB7A74F-EAFE-4C13-B06E-7E9E70CF1D1B}.Debug|Any CPU.Build.0 = Debug|Any CPU
		{5CB7A74F-EAFE-4C13-B06E-7E9E70CF1D1B}.Release|Any CPU.ActiveCfg = Release|Any CPU
		{5CB7A74F-EAFE-4C13-B06E-7E9E70CF1D1B}.Release|Any CPU.Build.0 = Release|Any CPU
	EndGlobalSection
	GlobalSection(SolutionProperties) = preSolution
		HideSolutionNode = FALSE
	EndGlobalSection
	GlobalSection(NestedProjects) = preSolution
		{5B93A4AA-6C18-4E34-BAC9-8C2238E6A68C} = {7BD55AFF-2D3D-420D-860C-5678B2DC6ADB}
		{0D11D1FA-9730-432B-A40D-C07B3C11BD02} = {5B93A4AA-6C18-4E34-BAC9-8C2238E6A68C}
		{0ADCE960-1193-45B5-9507-31F444F0AB5D} = {7BD55AFF-2D3D-420D-860C-5678B2DC6ADB}
		{73AD11A0-C185-4AE7-B7B9-DFC48711C362} = {0ADCE960-1193-45B5-9507-31F444F0AB5D}
		{0D77D97E-78E3-4A3F-A07E-2B6107C2CBF3} = {7BD55AFF-2D3D-420D-860C-5678B2DC6ADB}
		{F485297F-9107-4CE2-B188-A96D4A2B5831} = {0D77D97E-78E3-4A3F-A07E-2B6107C2CBF3}
		{3EED3F7F-E942-49C3-A4AD-83DE873F3514} = {0D77D97E-78E3-4A3F-A07E-2B6107C2CBF3}
		{6B54E6D5-3776-4138-B2C1-C0607F843CD4} = {7BD55AFF-2D3D-420D-860C-5678B2DC6ADB}
		{812DE3E9-D356-4AC8-9067-B02A57D4C4FD} = {6B54E6D5-3776-4138-B2C1-C0607F843CD4}
		{7739996B-C78C-4758-AC7A-99A608FC4CE0} = {6B54E6D5-3776-4138-B2C1-C0607F843CD4}
		{861E6D18-3E2E-43BC-B282-9D21FFF8691B} = {6B54E6D5-3776-4138-B2C1-C0607F843CD4}
		{5CB7A74F-EAFE-4C13-B06E-7E9E70CF1D1B} = {6B54E6D5-3776-4138-B2C1-C0607F843CD4}
	EndGlobalSection
	GlobalSection(ExtensibilityGlobals) = postSolution
		SolutionGuid = {B4B91F56-1344-4D58-9F84-782C19A8C240}
	EndGlobalSection
EndGlobal
